
Microsoft Visual Studio Solution File, Format Version 12.00
# Visual Studio Version 17
VisualStudioVersion = 17.14.36212.18 d17.14
MinimumVisualStudioVersion = 10.0.40219.1
Project("{FAE04EC0-301F-11D3-BF4B-00C04F79EFBC}") = "ManagedBlockedCountryApp", "ManagedBlockedCountryApp\ManagedBlockedCountryApp.csproj", "{77A44328-F05E-4F0B-A89F-507D12ADD146}"
EndProject
Project("{FAE04EC0-301F-11D3-BF4B-00C04F79EFBC}") = "ManageBlockedCountry.Domian", "ManageBlockedCountry.Domian\ManageBlockedCountry.Domian.csproj", "{D55A9AE5-7CD9-4554-8036-C7BF2479D71C}"
EndProject
Project("{FAE04EC0-301F-11D3-BF4B-00C04F79EFBC}") = "ManageBlockedCountry.Application", "ManageBlockedCountry.Application\ManageBlockedCountry.Application.csproj", "{8C60933C-BFF9-41E8-932A-1243132116A7}"
EndProject
Project("{FAE04EC0-301F-11D3-BF4B-00C04F79EFBC}") = "ManageBlockedCountry.Infrastructure", "ManageBlockedCountry.Infrastructure\ManageBlockedCountry.Infrastructure.csproj", "{ADE1AF82-AEDF-40B2-84C9-1DB79F01629D}"
EndProject
Global
	GlobalSection(SolutionConfigurationPlatforms) = preSolution
		Debug|Any CPU = Debug|Any CPU
		Release|Any CPU = Release|Any CPU
	EndGlobalSection
	GlobalSection(ProjectConfigurationPlatforms) = postSolution
		{77A44328-F05E-4F0B-A89F-507D12ADD146}.Debug|Any CPU.ActiveCfg = Debug|Any CPU
		{77A44328-F05E-4F0B-A89F-507D12ADD146}.Debug|Any CPU.Build.0 = Debug|Any CPU
		{77A44328-F05E-4F0B-A89F-507D12ADD146}.Release|Any CPU.ActiveCfg = Release|Any CPU
		{77A44328-F05E-4F0B-A89F-507D12ADD146}.Release|Any CPU.Build.0 = Release|Any CPU
		{D55A9AE5-7CD9-4554-8036-C7BF2479D71C}.Debug|Any CPU.ActiveCfg = Debug|Any CPU
		{D55A9AE5-7CD9-4554-8036-C7BF2479D71C}.Debug|Any CPU.Build.0 = Debug|Any CPU
		{D55A9AE5-7CD9-4554-8036-C7BF2479D71C}.Release|Any CPU.ActiveCfg = Release|Any CPU
		{D55A9AE5-7CD9-4554-8036-C7BF2479D71C}.Release|Any CPU.Build.0 = Release|Any CPU
		{8C60933C-BFF9-41E8-932A-1243132116A7}.Debug|Any CPU.ActiveCfg = Debug|Any CPU
		{8C60933C-BFF9-41E8-932A-1243132116A7}.Debug|Any CPU.Build.0 = Debug|Any CPU
		{8C60933C-BFF9-41E8-932A-1243132116A7}.Release|Any CPU.ActiveCfg = Release|Any CPU
		{8C60933C-BFF9-41E8-932A-1243132116A7}.Release|Any CPU.Build.0 = Release|Any CPU
		{ADE1AF82-AEDF-40B2-84C9-1DB79F01629D}.Debug|Any CPU.ActiveCfg = Debug|Any CPU
		{ADE1AF82-AEDF-40B2-84C9-1DB79F01629D}.Debug|Any CPU.Build.0 = Debug|Any CPU
		{ADE1AF82-AEDF-40B2-84C9-1DB79F01629D}.Release|Any CPU.ActiveCfg = Release|Any CPU
		{ADE1AF82-AEDF-40B2-84C9-1DB79F01629D}.Release|Any CPU.Build.0 = Release|Any CPU
	EndGlobalSection
	GlobalSection(SolutionProperties) = preSolution
		HideSolutionNode = FALSE
	EndGlobalSection
	GlobalSection(ExtensibilityGlobals) = postSolution
		SolutionGuid = {21ADD0B5-B3A0-4D4C-B1DF-132A940E57E2}
	EndGlobalSection
EndGlobal
